// !$*UTF8*$!
{
	archiveVersion = 1;
	classes = {
	};
	objectVersion = 56;
	objects = {

/* Begin PBXBuildFile section */
		2F3520362BE523BE00EB62B7 /* HomeScreenViewModelTests.swift in Sources */ = {isa = PBXBuildFile; fileRef = 2F3520352BE523BE00EB62B7 /* HomeScreenViewModelTests.swift */; };
		2F35203A2BE5259F00EB62B7 /* AddProjectViewModelTests.swift in Sources */ = {isa = PBXBuildFile; fileRef = 2F3520392BE5259F00EB62B7 /* AddProjectViewModelTests.swift */; };
		2F35203E2BE527D700EB62B7 /* AddTaskViewModelTests.swift in Sources */ = {isa = PBXBuildFile; fileRef = 2F35203D2BE527D700EB62B7 /* AddTaskViewModelTests.swift */; };
		2F592E962BF4A63800908B81 /* ProjectCardComponentView.swift in Sources */ = {isa = PBXBuildFile; fileRef = 2F592E822BF4A63800908B81 /* ProjectCardComponentView.swift */; };
		2F592E972BF4A63800908B81 /* SearchBarComponentView.swift in Sources */ = {isa = PBXBuildFile; fileRef = 2F592E832BF4A63800908B81 /* SearchBarComponentView.swift */; };
		2F592E982BF4A63800908B81 /* HomeScreenView.swift in Sources */ = {isa = PBXBuildFile; fileRef = 2F592E842BF4A63800908B81 /* HomeScreenView.swift */; };
		2F592E992BF4A63800908B81 /* AddProjectViewModel.swift in Sources */ = {isa = PBXBuildFile; fileRef = 2F592E852BF4A63800908B81 /* AddProjectViewModel.swift */; };
		2F592E9A2BF4A63800908B81 /* HomeScreenViewModel.swift in Sources */ = {isa = PBXBuildFile; fileRef = 2F592E862BF4A63800908B81 /* HomeScreenViewModel.swift */; };
		2F592E9B2BF4A63800908B81 /* AddProjectView.swift in Sources */ = {isa = PBXBuildFile; fileRef = 2F592E872BF4A63800908B81 /* AddProjectView.swift */; };
		2F592E9C2BF4A63800908B81 /* EPCCollaboratifApp.swift in Sources */ = {isa = PBXBuildFile; fileRef = 2F592E882BF4A63800908B81 /* EPCCollaboratifApp.swift */; };
		2F592E9D2BF4A63800908B81 /* Assets.xcassets in Resources */ = {isa = PBXBuildFile; fileRef = 2F592E892BF4A63800908B81 /* Assets.xcassets */; };
		2F592E9E2BF4A63800908B81 /* Preview Assets.xcassets in Resources */ = {isa = PBXBuildFile; fileRef = 2F592E8B2BF4A63800908B81 /* Preview Assets.xcassets */; };
		2F592E9F2BF4A63800908B81 /* AddTaskView.swift in Sources */ = {isa = PBXBuildFile; fileRef = 2F592E8D2BF4A63800908B81 /* AddTaskView.swift */; };
		2F592EA02BF4A63800908B81 /* AddTaskViewModel.swift in Sources */ = {isa = PBXBuildFile; fileRef = 2F592E8E2BF4A63800908B81 /* AddTaskViewModel.swift */; };
		2F592EA12BF4A63800908B81 /* TaskRow.swift in Sources */ = {isa = PBXBuildFile; fileRef = 2F592E902BF4A63800908B81 /* TaskRow.swift */; };
		2F592EA22BF4A63800908B81 /* ProjectDetailsView.swift in Sources */ = {isa = PBXBuildFile; fileRef = 2F592E912BF4A63800908B81 /* ProjectDetailsView.swift */; };
		2F592EA32BF4A63800908B81 /* MockData.swift in Sources */ = {isa = PBXBuildFile; fileRef = 2F592E922BF4A63800908B81 /* MockData.swift */; };
		2F592EA42BF4A63800908B81 /* Project.swift in Sources */ = {isa = PBXBuildFile; fileRef = 2F592E942BF4A63800908B81 /* Project.swift */; };
		2F592EA52BF4A63800908B81 /* Task.swift in Sources */ = {isa = PBXBuildFile; fileRef = 2F592E952BF4A63800908B81 /* Task.swift */; };
/* End PBXBuildFile section */

/* Begin PBXContainerItemProxy section */
		2FFEDA972BDF96C300319E4A /* PBXContainerItemProxy */ = {
			isa = PBXContainerItemProxy;
			containerPortal = 2FFEDA7E2BDF96C200319E4A /* Project object */;
			proxyType = 1;
			remoteGlobalIDString = 2FFEDA852BDF96C200319E4A;
			remoteInfo = EPCManager;
		};
/* End PBXContainerItemProxy section */

/* Begin PBXFileReference section */
		2F3520352BE523BE00EB62B7 /* HomeScreenViewModelTests.swift */ = {isa = PBXFileReference; lastKnownFileType = sourcecode.swift; path = HomeScreenViewModelTests.swift; sourceTree = "<group>"; };
		2F3520392BE5259F00EB62B7 /* AddProjectViewModelTests.swift */ = {isa = PBXFileReference; lastKnownFileType = sourcecode.swift; path = AddProjectViewModelTests.swift; sourceTree = "<group>"; };
		2F35203D2BE527D700EB62B7 /* AddTaskViewModelTests.swift */ = {isa = PBXFileReference; lastKnownFileType = sourcecode.swift; path = AddTaskViewModelTests.swift; sourceTree = "<group>"; };
		2F592E822BF4A63800908B81 /* ProjectCardComponentView.swift */ = {isa = PBXFileReference; fileEncoding = 4; lastKnownFileType = sourcecode.swift; path = ProjectCardComponentView.swift; sourceTree = "<group>"; };
		2F592E832BF4A63800908B81 /* SearchBarComponentView.swift */ = {isa = PBXFileReference; fileEncoding = 4; lastKnownFileType = sourcecode.swift; path = SearchBarComponentView.swift; sourceTree = "<group>"; };
		2F592E842BF4A63800908B81 /* HomeScreenView.swift */ = {isa = PBXFileReference; fileEncoding = 4; lastKnownFileType = sourcecode.swift; path = HomeScreenView.swift; sourceTree = "<group>"; };
		2F592E852BF4A63800908B81 /* AddProjectViewModel.swift */ = {isa = PBXFileReference; fileEncoding = 4; lastKnownFileType = sourcecode.swift; path = AddProjectViewModel.swift; sourceTree = "<group>"; };
		2F592E862BF4A63800908B81 /* HomeScreenViewModel.swift */ = {isa = PBXFileReference; fileEncoding = 4; lastKnownFileType = sourcecode.swift; path = HomeScreenViewModel.swift; sourceTree = "<group>"; };
		2F592E872BF4A63800908B81 /* AddProjectView.swift */ = {isa = PBXFileReference; fileEncoding = 4; lastKnownFileType = sourcecode.swift; path = AddProjectView.swift; sourceTree = "<group>"; };
		2F592E882BF4A63800908B81 /* EPCCollaboratifApp.swift */ = {isa = PBXFileReference; fileEncoding = 4; lastKnownFileType = sourcecode.swift; path = EPCCollaboratifApp.swift; sourceTree = "<group>"; };
		2F592E892BF4A63800908B81 /* Assets.xcassets */ = {isa = PBXFileReference; lastKnownFileType = folder.assetcatalog; path = Assets.xcassets; sourceTree = "<group>"; };
		2F592E8B2BF4A63800908B81 /* Preview Assets.xcassets */ = {isa = PBXFileReference; lastKnownFileType = folder.assetcatalog; path = "Preview Assets.xcassets"; sourceTree = "<group>"; };
		2F592E8D2BF4A63800908B81 /* AddTaskView.swift */ = {isa = PBXFileReference; fileEncoding = 4; lastKnownFileType = sourcecode.swift; path = AddTaskView.swift; sourceTree = "<group>"; };
		2F592E8E2BF4A63800908B81 /* AddTaskViewModel.swift */ = {isa = PBXFileReference; fileEncoding = 4; lastKnownFileType = sourcecode.swift; path = AddTaskViewModel.swift; sourceTree = "<group>"; };
		2F592E902BF4A63800908B81 /* TaskRow.swift */ = {isa = PBXFileReference; fileEncoding = 4; lastKnownFileType = sourcecode.swift; path = TaskRow.swift; sourceTree = "<group>"; };
		2F592E912BF4A63800908B81 /* ProjectDetailsView.swift */ = {isa = PBXFileReference; fileEncoding = 4; lastKnownFileType = sourcecode.swift; path = ProjectDetailsView.swift; sourceTree = "<group>"; };
		2F592E922BF4A63800908B81 /* MockData.swift */ = {isa = PBXFileReference; fileEncoding = 4; lastKnownFileType = sourcecode.swift; path = MockData.swift; sourceTree = "<group>"; };
		2F592E942BF4A63800908B81 /* Project.swift */ = {isa = PBXFileReference; fileEncoding = 4; lastKnownFileType = sourcecode.swift; path = Project.swift; sourceTree = "<group>"; };
		2F592E952BF4A63800908B81 /* Task.swift */ = {isa = PBXFileReference; fileEncoding = 4; lastKnownFileType = sourcecode.swift; path = Task.swift; sourceTree = "<group>"; };
		2F9C30882BF4A86F006A2A5F /* EPCollaboratif.xctestplan */ = {isa = PBXFileReference; lastKnownFileType = text; path = EPCollaboratif.xctestplan; sourceTree = "<group>"; };
		2FFEDA862BDF96C200319E4A /* EPCollaboratif.app */ = {isa = PBXFileReference; explicitFileType = wrapper.application; includeInIndex = 0; path = EPCollaboratif.app; sourceTree = BUILT_PRODUCTS_DIR; };
		2FFEDA962BDF96C300319E4A /* EPCollaboratifTests.xctest */ = {isa = PBXFileReference; explicitFileType = wrapper.cfbundle; includeInIndex = 0; path = EPCollaboratifTests.xctest; sourceTree = BUILT_PRODUCTS_DIR; };
/* End PBXFileReference section */

/* Begin PBXFrameworksBuildPhase section */
		2FFEDA832BDF96C200319E4A /* Frameworks */ = {
			isa = PBXFrameworksBuildPhase;
			buildActionMask = 2147483647;
			files = (
			);
			runOnlyForDeploymentPostprocessing = 0;
		};
		2FFEDA932BDF96C300319E4A /* Frameworks */ = {
			isa = PBXFrameworksBuildPhase;
			buildActionMask = 2147483647;
			files = (
			);
			runOnlyForDeploymentPostprocessing = 0;
		};
/* End PBXFrameworksBuildPhase section */

/* Begin PBXGroup section */
		2F592E7F2BF4A63800908B81 /* EPCollaboratif */ = {
			isa = PBXGroup;
			children = (
				2F592E802BF4A63800908B81 /* Home */,
				2F592E882BF4A63800908B81 /* EPCCollaboratifApp.swift */,
				2F592E892BF4A63800908B81 /* Assets.xcassets */,
				2F592E8A2BF4A63800908B81 /* Preview Content */,
				2F592E8C2BF4A63800908B81 /* Project */,
				2F592E922BF4A63800908B81 /* MockData.swift */,
				2F592E932BF4A63800908B81 /* Model */,
			);
			path = EPCollaboratif;
			sourceTree = "<group>";
		};
		2F592E802BF4A63800908B81 /* Home */ = {
			isa = PBXGroup;
			children = (
				2F592E812BF4A63800908B81 /* Components */,
				2F592E842BF4A63800908B81 /* HomeScreenView.swift */,
				2F592E852BF4A63800908B81 /* AddProjectViewModel.swift */,
				2F592E862BF4A63800908B81 /* HomeScreenViewModel.swift */,
				2F592E872BF4A63800908B81 /* AddProjectView.swift */,
			);
			path = Home;
			sourceTree = "<group>";
		};
		2F592E812BF4A63800908B81 /* Components */ = {
			isa = PBXGroup;
			children = (
				2F592E822BF4A63800908B81 /* ProjectCardComponentView.swift */,
				2F592E832BF4A63800908B81 /* SearchBarComponentView.swift */,
			);
			path = Components;
			sourceTree = "<group>";
		};
		2F592E8A2BF4A63800908B81 /* Preview Content */ = {
			isa = PBXGroup;
			children = (
				2F592E8B2BF4A63800908B81 /* Preview Assets.xcassets */,
			);
			path = "Preview Content";
			sourceTree = "<group>";
		};
		2F592E8C2BF4A63800908B81 /* Project */ = {
			isa = PBXGroup;
			children = (
				2F592E8D2BF4A63800908B81 /* AddTaskView.swift */,
				2F592E8E2BF4A63800908B81 /* AddTaskViewModel.swift */,
				2F592E8F2BF4A63800908B81 /* Components */,
				2F592E912BF4A63800908B81 /* ProjectDetailsView.swift */,
			);
			path = Project;
			sourceTree = "<group>";
		};
		2F592E8F2BF4A63800908B81 /* Components */ = {
			isa = PBXGroup;
			children = (
				2F592E902BF4A63800908B81 /* TaskRow.swift */,
			);
			path = Components;
			sourceTree = "<group>";
		};
		2F592E932BF4A63800908B81 /* Model */ = {
			isa = PBXGroup;
			children = (
				2F592E942BF4A63800908B81 /* Project.swift */,
				2F592E952BF4A63800908B81 /* Task.swift */,
			);
			path = Model;
			sourceTree = "<group>";
		};
		2FFEDA7D2BDF96C200319E4A = {
			isa = PBXGroup;
			children = (
				2F592E7F2BF4A63800908B81 /* EPCollaboratif */,
				2FFEDA992BDF96C300319E4A /* EPCollaboratifTests */,
				2FFEDA872BDF96C200319E4A /* Products */,
			);
			sourceTree = "<group>";
		};
		2FFEDA872BDF96C200319E4A /* Products */ = {
			isa = PBXGroup;
			children = (
				2FFEDA862BDF96C200319E4A /* EPCollaboratif.app */,
				2FFEDA962BDF96C300319E4A /* EPCollaboratifTests.xctest */,
			);
			name = Products;
			sourceTree = "<group>";
		};
		2FFEDA992BDF96C300319E4A /* EPCollaboratifTests */ = {
			isa = PBXGroup;
			children = (
				2F9C30882BF4A86F006A2A5F /* EPCollaboratif.xctestplan */,
				2F3520352BE523BE00EB62B7 /* HomeScreenViewModelTests.swift */,
				2F3520392BE5259F00EB62B7 /* AddProjectViewModelTests.swift */,
				2F35203D2BE527D700EB62B7 /* AddTaskViewModelTests.swift */,
			);
			path = EPCollaboratifTests;
			sourceTree = "<group>";
		};
/* End PBXGroup section */

/* Begin PBXNativeTarget section */
		2FFEDA852BDF96C200319E4A /* EPCollaboratif */ = {
			isa = PBXNativeTarget;
			buildConfigurationList = 2FFEDAAA2BDF96C300319E4A /* Build configuration list for PBXNativeTarget "EPCollaboratif" */;
			buildPhases = (
				2FFEDA822BDF96C200319E4A /* Sources */,
				2FFEDA832BDF96C200319E4A /* Frameworks */,
				2FFEDA842BDF96C200319E4A /* Resources */,
			);
			buildRules = (
			);
			dependencies = (
			);
			name = EPCollaboratif;
			productName = EPCManager;
			productReference = 2FFEDA862BDF96C200319E4A /* EPCollaboratif.app */;
			productType = "com.apple.product-type.application";
		};
		2FFEDA952BDF96C300319E4A /* EPCollaboratifTests */ = {
			isa = PBXNativeTarget;
			buildConfigurationList = 2FFEDAAD2BDF96C300319E4A /* Build configuration list for PBXNativeTarget "EPCollaboratifTests" */;
			buildPhases = (
				2FFEDA922BDF96C300319E4A /* Sources */,
				2FFEDA932BDF96C300319E4A /* Frameworks */,
				2FFEDA942BDF96C300319E4A /* Resources */,
			);
			buildRules = (
			);
			dependencies = (
				2FFEDA982BDF96C300319E4A /* PBXTargetDependency */,
			);
			name = EPCollaboratifTests;
			productName = EPCManagerTests;
			productReference = 2FFEDA962BDF96C300319E4A /* EPCollaboratifTests.xctest */;
			productType = "com.apple.product-type.bundle.unit-test";
		};
/* End PBXNativeTarget section */

/* Begin PBXProject section */
		2FFEDA7E2BDF96C200319E4A /* Project object */ = {
			isa = PBXProject;
			attributes = {
				BuildIndependentTargetsInParallel = 1;
				LastSwiftUpdateCheck = 1530;
				LastUpgradeCheck = 1530;
				TargetAttributes = {
					2FFEDA852BDF96C200319E4A = {
						CreatedOnToolsVersion = 15.3;
					};
					2FFEDA952BDF96C300319E4A = {
						CreatedOnToolsVersion = 15.3;
						TestTargetID = 2FFEDA852BDF96C200319E4A;
					};
				};
			};
			buildConfigurationList = 2FFEDA812BDF96C200319E4A /* Build configuration list for PBXProject "EPCollaboratif" */;
			compatibilityVersion = "Xcode 14.0";
			developmentRegion = en;
			hasScannedForEncodings = 0;
			knownRegions = (
				en,
				Base,
			);
			mainGroup = 2FFEDA7D2BDF96C200319E4A;
			productRefGroup = 2FFEDA872BDF96C200319E4A /* Products */;
			projectDirPath = "";
			projectRoot = "";
			targets = (
				2FFEDA852BDF96C200319E4A /* EPCollaboratif */,
				2FFEDA952BDF96C300319E4A /* EPCollaboratifTests */,
			);
		};
/* End PBXProject section */

/* Begin PBXResourcesBuildPhase section */
		2FFEDA842BDF96C200319E4A /* Resources */ = {
			isa = PBXResourcesBuildPhase;
			buildActionMask = 2147483647;
			files = (
				2F592E9E2BF4A63800908B81 /* Preview Assets.xcassets in Resources */,
				2F592E9D2BF4A63800908B81 /* Assets.xcassets in Resources */,
			);
			runOnlyForDeploymentPostprocessing = 0;
		};
		2FFEDA942BDF96C300319E4A /* Resources */ = {
			isa = PBXResourcesBuildPhase;
			buildActionMask = 2147483647;
			files = (
			);
			runOnlyForDeploymentPostprocessing = 0;
		};
/* End PBXResourcesBuildPhase section */

/* Begin PBXSourcesBuildPhase section */
		2FFEDA822BDF96C200319E4A /* Sources */ = {
			isa = PBXSourcesBuildPhase;
			buildActionMask = 2147483647;
			files = (
				2F592E9C2BF4A63800908B81 /* EPCCollaboratifApp.swift in Sources */,
				2F592EA32BF4A63800908B81 /* MockData.swift in Sources */,
				2F592EA02BF4A63800908B81 /* AddTaskViewModel.swift in Sources */,
				2F592E9B2BF4A63800908B81 /* AddProjectView.swift in Sources */,
				2F592E992BF4A63800908B81 /* AddProjectViewModel.swift in Sources */,
				2F592EA42BF4A63800908B81 /* Project.swift in Sources */,
				2F592E9F2BF4A63800908B81 /* AddTaskView.swift in Sources */,
				2F592EA12BF4A63800908B81 /* TaskRow.swift in Sources */,
				2F592E982BF4A63800908B81 /* HomeScreenView.swift in Sources */,
				2F592E972BF4A63800908B81 /* SearchBarComponentView.swift in Sources */,
				2F592EA22BF4A63800908B81 /* ProjectDetailsView.swift in Sources */,
				2F592E962BF4A63800908B81 /* ProjectCardComponentView.swift in Sources */,
				2F592EA52BF4A63800908B81 /* Task.swift in Sources */,
				2F592E9A2BF4A63800908B81 /* HomeScreenViewModel.swift in Sources */,
			);
			runOnlyForDeploymentPostprocessing = 0;
		};
		2FFEDA922BDF96C300319E4A /* Sources */ = {
			isa = PBXSourcesBuildPhase;
			buildActionMask = 2147483647;
			files = (
				2F35203A2BE5259F00EB62B7 /* AddProjectViewModelTests.swift in Sources */,
				2F3520362BE523BE00EB62B7 /* HomeScreenViewModelTests.swift in Sources */,
				2F35203E2BE527D700EB62B7 /* AddTaskViewModelTests.swift in Sources */,
			);
			runOnlyForDeploymentPostprocessing = 0;
		};
/* End PBXSourcesBuildPhase section */

/* Begin PBXTargetDependency section */
		2FFEDA982BDF96C300319E4A /* PBXTargetDependency */ = {
			isa = PBXTargetDependency;
			target = 2FFEDA852BDF96C200319E4A /* EPCollaboratif */;
			targetProxy = 2FFEDA972BDF96C300319E4A /* PBXContainerItemProxy */;
		};
/* End PBXTargetDependency section */

/* Begin XCBuildConfiguration section */
		2FFEDAA82BDF96C300319E4A /* Debug */ = {
			isa = XCBuildConfiguration;
			buildSettings = {
				ALWAYS_SEARCH_USER_PATHS = NO;
				ASSETCATALOG_COMPILER_GENERATE_SWIFT_ASSET_SYMBOL_EXTENSIONS = YES;
				CLANG_ANALYZER_NONNULL = YES;
				CLANG_ANALYZER_NUMBER_OBJECT_CONVERSION = YES_AGGRESSIVE;
				CLANG_CXX_LANGUAGE_STANDARD = "gnu++20";
				CLANG_ENABLE_MODULES = YES;
				CLANG_ENABLE_OBJC_ARC = YES;
				CLANG_ENABLE_OBJC_WEAK = YES;
				CLANG_WARN_BLOCK_CAPTURE_AUTORELEASING = YES;
				CLANG_WARN_BOOL_CONVERSION = YES;
				CLANG_WARN_COMMA = YES;
				CLANG_WARN_CONSTANT_CONVERSION = YES;
				CLANG_WARN_DEPRECATED_OBJC_IMPLEMENTATIONS = YES;
				CLANG_WARN_DIRECT_OBJC_ISA_USAGE = YES_ERROR;
				CLANG_WARN_DOCUMENTATION_COMMENTS = YES;
				CLANG_WARN_EMPTY_BODY = YES;
				CLANG_WARN_ENUM_CONVERSION = YES;
				CLANG_WARN_INFINITE_RECURSION = YES;
				CLANG_WARN_INT_CONVERSION = YES;
				CLANG_WARN_NON_LITERAL_NULL_CONVERSION = YES;
				CLANG_WARN_OBJC_IMPLICIT_RETAIN_SELF = YES;
				CLANG_WARN_OBJC_LITERAL_CONVERSION = YES;
				CLANG_WARN_OBJC_ROOT_CLASS = YES_ERROR;
				CLANG_WARN_QUOTED_INCLUDE_IN_FRAMEWORK_HEADER = YES;
				CLANG_WARN_RANGE_LOOP_ANALYSIS = YES;
				CLANG_WARN_STRICT_PROTOTYPES = YES;
				CLANG_WARN_SUSPICIOUS_MOVE = YES;
				CLANG_WARN_UNGUARDED_AVAILABILITY = YES_AGGRESSIVE;
				CLANG_WARN_UNREACHABLE_CODE = YES;
				CLANG_WARN__DUPLICATE_METHOD_MATCH = YES;
				COPY_PHASE_STRIP = NO;
				DEBUG_INFORMATION_FORMAT = dwarf;
				ENABLE_STRICT_OBJC_MSGSEND = YES;
				ENABLE_TESTABILITY = YES;
				ENABLE_USER_SCRIPT_SANDBOXING = YES;
				GCC_C_LANGUAGE_STANDARD = gnu17;
				GCC_DYNAMIC_NO_PIC = NO;
				GCC_NO_COMMON_BLOCKS = YES;
				GCC_OPTIMIZATION_LEVEL = 0;
				GCC_PREPROCESSOR_DEFINITIONS = (
					"DEBUG=1",
					"$(inherited)",
				);
				GCC_WARN_64_TO_32_BIT_CONVERSION = YES;
				GCC_WARN_ABOUT_RETURN_TYPE = YES_ERROR;
				GCC_WARN_UNDECLARED_SELECTOR = YES;
				GCC_WARN_UNINITIALIZED_AUTOS = YES_AGGRESSIVE;
				GCC_WARN_UNUSED_FUNCTION = YES;
				GCC_WARN_UNUSED_VARIABLE = YES;
				IPHONEOS_DEPLOYMENT_TARGET = 17.0;
				LOCALIZATION_PREFERS_STRING_CATALOGS = YES;
				MTL_ENABLE_DEBUG_INFO = INCLUDE_SOURCE;
				MTL_FAST_MATH = YES;
				ONLY_ACTIVE_ARCH = YES;
				SDKROOT = iphoneos;
				SWIFT_ACTIVE_COMPILATION_CONDITIONS = "DEBUG $(inherited)";
				SWIFT_OPTIMIZATION_LEVEL = "-Onone";
			};
			name = Debug;
		};
		2FFEDAA92BDF96C300319E4A /* Release */ = {
			isa = XCBuildConfiguration;
			buildSettings = {
				ALWAYS_SEARCH_USER_PATHS = NO;
				ASSETCATALOG_COMPILER_GENERATE_SWIFT_ASSET_SYMBOL_EXTENSIONS = YES;
				CLANG_ANALYZER_NONNULL = YES;
				CLANG_ANALYZER_NUMBER_OBJECT_CONVERSION = YES_AGGRESSIVE;
				CLANG_CXX_LANGUAGE_STANDARD = "gnu++20";
				CLANG_ENABLE_MODULES = YES;
				CLANG_ENABLE_OBJC_ARC = YES;
				CLANG_ENABLE_OBJC_WEAK = YES;
				CLANG_WARN_BLOCK_CAPTURE_AUTORELEASING = YES;
				CLANG_WARN_BOOL_CONVERSION = YES;
				CLANG_WARN_COMMA = YES;
				CLANG_WARN_CONSTANT_CONVERSION = YES;
				CLANG_WARN_DEPRECATED_OBJC_IMPLEMENTATIONS = YES;
				CLANG_WARN_DIRECT_OBJC_ISA_USAGE = YES_ERROR;
				CLANG_WARN_DOCUMENTATION_COMMENTS = YES;
				CLANG_WARN_EMPTY_BODY = YES;
				CLANG_WARN_ENUM_CONVERSION = YES;
				CLANG_WARN_INFINITE_RECURSION = YES;
				CLANG_WARN_INT_CONVERSION = YES;
				CLANG_WARN_NON_LITERAL_NULL_CONVERSION = YES;
				CLANG_WARN_OBJC_IMPLICIT_RETAIN_SELF = YES;
				CLANG_WARN_OBJC_LITERAL_CONVERSION = YES;
				CLANG_WARN_OBJC_ROOT_CLASS = YES_ERROR;
				CLANG_WARN_QUOTED_INCLUDE_IN_FRAMEWORK_HEADER = YES;
				CLANG_WARN_RANGE_LOOP_ANALYSIS = YES;
				CLANG_WARN_STRICT_PROTOTYPES = YES;
				CLANG_WARN_SUSPICIOUS_MOVE = YES;
				CLANG_WARN_UNGUARDED_AVAILABILITY = YES_AGGRESSIVE;
				CLANG_WARN_UNREACHABLE_CODE = YES;
				CLANG_WARN__DUPLICATE_METHOD_MATCH = YES;
				COPY_PHASE_STRIP = NO;
				DEBUG_INFORMATION_FORMAT = "dwarf-with-dsym";
				ENABLE_NS_ASSERTIONS = NO;
				ENABLE_STRICT_OBJC_MSGSEND = YES;
				ENABLE_USER_SCRIPT_SANDBOXING = YES;
				GCC_C_LANGUAGE_STANDARD = gnu17;
				GCC_NO_COMMON_BLOCKS = YES;
				GCC_WARN_64_TO_32_BIT_CONVERSION = YES;
				GCC_WARN_ABOUT_RETURN_TYPE = YES_ERROR;
				GCC_WARN_UNDECLARED_SELECTOR = YES;
				GCC_WARN_UNINITIALIZED_AUTOS = YES_AGGRESSIVE;
				GCC_WARN_UNUSED_FUNCTION = YES;
				GCC_WARN_UNUSED_VARIABLE = YES;
				IPHONEOS_DEPLOYMENT_TARGET = 17.0;
				LOCALIZATION_PREFERS_STRING_CATALOGS = YES;
				MTL_ENABLE_DEBUG_INFO = NO;
				MTL_FAST_MATH = YES;
				SDKROOT = iphoneos;
				SWIFT_COMPILATION_MODE = wholemodule;
				VALIDATE_PRODUCT = YES;
			};
			name = Release;
		};
		2FFEDAAB2BDF96C300319E4A /* Debug */ = {
			isa = XCBuildConfiguration;
			buildSettings = {
				ASSETCATALOG_COMPILER_APPICON_NAME = AppIcon;
				ASSETCATALOG_COMPILER_GLOBAL_ACCENT_COLOR_NAME = AccentColor;
				CODE_SIGN_STYLE = Automatic;
				CURRENT_PROJECT_VERSION = 1;
				DEVELOPMENT_ASSET_PATHS = "\"EPCollaboratif/Preview Content\"";
				ENABLE_PREVIEWS = YES;
				GENERATE_INFOPLIST_FILE = YES;
				INFOPLIST_KEY_UIApplicationSceneManifest_Generation = YES;
				INFOPLIST_KEY_UIApplicationSupportsIndirectInputEvents = YES;
				INFOPLIST_KEY_UILaunchScreen_Generation = YES;
				INFOPLIST_KEY_UISupportedInterfaceOrientations_iPad = "UIInterfaceOrientationPortrait UIInterfaceOrientationPortraitUpsideDown UIInterfaceOrientationLandscapeLeft UIInterfaceOrientationLandscapeRight";
				INFOPLIST_KEY_UISupportedInterfaceOrientations_iPhone = "UIInterfaceOrientationPortrait UIInterfaceOrientationLandscapeLeft UIInterfaceOrientationLandscapeRight";
				IPHONEOS_DEPLOYMENT_TARGET = 17.0;
				LD_RUNPATH_SEARCH_PATHS = (
					"$(inherited)",
					"@executable_path/Frameworks",
				);
				MARKETING_VERSION = 1.0;
				PRODUCT_BUNDLE_IDENTIFIER = com.oc.EPCollaboratif;
				PRODUCT_NAME = "$(TARGET_NAME)";
				SWIFT_EMIT_LOC_STRINGS = YES;
				SWIFT_VERSION = 5.0;
				TARGETED_DEVICE_FAMILY = "1,2";
			};
			name = Debug;
		};
		2FFEDAAC2BDF96C300319E4A /* Release */ = {
			isa = XCBuildConfiguration;
			buildSettings = {
				ASSETCATALOG_COMPILER_APPICON_NAME = AppIcon;
				ASSETCATALOG_COMPILER_GLOBAL_ACCENT_COLOR_NAME = AccentColor;
				CODE_SIGN_STYLE = Automatic;
				CURRENT_PROJECT_VERSION = 1;
				DEVELOPMENT_ASSET_PATHS = "\"EPCollaboratif/Preview Content\"";
				ENABLE_PREVIEWS = YES;
				GENERATE_INFOPLIST_FILE = YES;
				INFOPLIST_KEY_UIApplicationSceneManifest_Generation = YES;
				INFOPLIST_KEY_UIApplicationSupportsIndirectInputEvents = YES;
				INFOPLIST_KEY_UILaunchScreen_Generation = YES;
				INFOPLIST_KEY_UISupportedInterfaceOrientations_iPad = "UIInterfaceOrientationPortrait UIInterfaceOrientationPortraitUpsideDown UIInterfaceOrientationLandscapeLeft UIInterfaceOrientationLandscapeRight";
				INFOPLIST_KEY_UISupportedInterfaceOrientations_iPhone = "UIInterfaceOrientationPortrait UIInterfaceOrientationLandscapeLeft UIInterfaceOrientationLandscapeRight";
				IPHONEOS_DEPLOYMENT_TARGET = 17.0;
				LD_RUNPATH_SEARCH_PATHS = (
					"$(inherited)",
					"@executable_path/Frameworks",
				);
				MARKETING_VERSION = 1.0;
				PRODUCT_BUNDLE_IDENTIFIER = com.oc.EPCollaboratif;
				PRODUCT_NAME = "$(TARGET_NAME)";
				SWIFT_EMIT_LOC_STRINGS = YES;
				SWIFT_VERSION = 5.0;
				TARGETED_DEVICE_FAMILY = "1,2";
			};
			name = Release;
		};
		2FFEDAAE2BDF96C300319E4A /* Debug */ = {
			isa = XCBuildConfiguration;
			buildSettings = {
				ALWAYS_EMBED_SWIFT_STANDARD_LIBRARIES = YES;
				BUNDLE_LOADER = "$(TEST_HOST)";
				CODE_SIGN_STYLE = Automatic;
				CURRENT_PROJECT_VERSION = 1;
				GENERATE_INFOPLIST_FILE = YES;
				IPHONEOS_DEPLOYMENT_TARGET = 17.0;
				MARKETING_VERSION = 1.0;
				PRODUCT_BUNDLE_IDENTIFIER = com.oc.EPCollaboratifTests;
				"PRODUCT_BUNDLE_IDENTIFIER[sdk=iphoneos*]" = com.oc.EPCollaboratifTests;
				PRODUCT_NAME = "$(TARGET_NAME)";
				SWIFT_EMIT_LOC_STRINGS = NO;
				SWIFT_VERSION = 5.0;
				TARGETED_DEVICE_FAMILY = "1,2";
				TEST_HOST = "$(BUILT_PRODUCTS_DIR)/EPCollaboratif.app/$(BUNDLE_EXECUTABLE_FOLDER_PATH)/EPCollaboratif";
			};
			name = Debug;
		};
		2FFEDAAF2BDF96C300319E4A /* Release */ = {
			isa = XCBuildConfiguration;
			buildSettings = {
				ALWAYS_EMBED_SWIFT_STANDARD_LIBRARIES = YES;
				BUNDLE_LOADER = "$(TEST_HOST)";
				CODE_SIGN_STYLE = Automatic;
				CURRENT_PROJECT_VERSION = 1;
				GENERATE_INFOPLIST_FILE = YES;
				IPHONEOS_DEPLOYMENT_TARGET = 17.0;
				MARKETING_VERSION = 1.0;
				PRODUCT_BUNDLE_IDENTIFIER = com.oc.EPCollaboratifTests;
				"PRODUCT_BUNDLE_IDENTIFIER[sdk=iphoneos*]" = com.oc.EPCollaboratifTests;
				PRODUCT_NAME = "$(TARGET_NAME)";
				SWIFT_EMIT_LOC_STRINGS = NO;
				SWIFT_VERSION = 5.0;
				TARGETED_DEVICE_FAMILY = "1,2";
				TEST_HOST = "$(BUILT_PRODUCTS_DIR)/EPCollaboratif.app/$(BUNDLE_EXECUTABLE_FOLDER_PATH)/EPCollaboratif";
			};
			name = Release;
		};
/* End XCBuildConfiguration section */

/* Begin XCConfigurationList section */
		2FFEDA812BDF96C200319E4A /* Build configuration list for PBXProject "EPCollaboratif" */ = {
			isa = XCConfigurationList;
			buildConfigurations = (
				2FFEDAA82BDF96C300319E4A /* Debug */,
				2FFEDAA92BDF96C300319E4A /* Release */,
			);
			defaultConfigurationIsVisible = 0;
			defaultConfigurationName = Release;
		};
		2FFEDAAA2BDF96C300319E4A /* Build configuration list for PBXNativeTarget "EPCollaboratif" */ = {
			isa = XCConfigurationList;
			buildConfigurations = (
				2FFEDAAB2BDF96C300319E4A /* Debug */,
				2FFEDAAC2BDF96C300319E4A /* Release */,
			);
			defaultConfigurationIsVisible = 0;
			defaultConfigurationName = Release;
		};
		2FFEDAAD2BDF96C300319E4A /* Build configuration list for PBXNativeTarget "EPCollaboratifTests" */ = {
			isa = XCConfigurationList;
			buildConfigurations = (
				2FFEDAAE2BDF96C300319E4A /* Debug */,
				2FFEDAAF2BDF96C300319E4A /* Release */,
			);
			defaultConfigurationIsVisible = 0;
			defaultConfigurationName = Release;
		};
/* End XCConfigurationList section */
	};
	rootObject = 2FFEDA7E2BDF96C200319E4A /* Project object */;
}
